// !$*UTF8*$!
{
	archiveVersion = 1;
	classes = {
	};
	objectVersion = 56;
	objects = {

/* Begin PBXBuildFile section */
		307FBB73293517E100059709 /* ShowInfoProtocol.swift in Sources */ = {isa = PBXBuildFile; fileRef = 307FBB72293517E100059709 /* ShowInfoProtocol.swift */; };
		307FBB752935282D00059709 /* Stats.swift in Sources */ = {isa = PBXBuildFile; fileRef = 307FBB742935282D00059709 /* Stats.swift */; };
		307FBB7729352B4800059709 /* StatsInfoUrl.swift in Sources */ = {isa = PBXBuildFile; fileRef = 307FBB7629352B4800059709 /* StatsInfoUrl.swift */; };
		307FBB7929352C0100059709 /* PokemonDetails.swift in Sources */ = {isa = PBXBuildFile; fileRef = 307FBB7829352C0100059709 /* PokemonDetails.swift */; };
		307FBB8029354B5500059709 /* Assets.xcassets in Resources */ = {isa = PBXBuildFile; fileRef = 30F0D476293121B900E75E86 /* Assets.xcassets */; };
		30F0D46E293121B800E75E86 /* AppDelegate.swift in Sources */ = {isa = PBXBuildFile; fileRef = 30F0D46D293121B800E75E86 /* AppDelegate.swift */; };
		30F0D470293121B800E75E86 /* SceneDelegate.swift in Sources */ = {isa = PBXBuildFile; fileRef = 30F0D46F293121B800E75E86 /* SceneDelegate.swift */; };
		30F0D472293121B800E75E86 /* PokedexViewController.swift in Sources */ = {isa = PBXBuildFile; fileRef = 30F0D471293121B800E75E86 /* PokedexViewController.swift */; };
		30F0D475293121B800E75E86 /* Main.storyboard in Resources */ = {isa = PBXBuildFile; fileRef = 30F0D473293121B800E75E86 /* Main.storyboard */; };
		30F0D47A293121B900E75E86 /* LaunchScreen.storyboard in Resources */ = {isa = PBXBuildFile; fileRef = 30F0D478293121B900E75E86 /* LaunchScreen.storyboard */; };
		30F0D4822931266700E75E86 /* Pokedex.swift in Sources */ = {isa = PBXBuildFile; fileRef = 30F0D4812931266700E75E86 /* Pokedex.swift */; };
		30F0D484293126D900E75E86 /* PokemonData.swift in Sources */ = {isa = PBXBuildFile; fileRef = 30F0D483293126D900E75E86 /* PokemonData.swift */; };
		30F0D489293130F500E75E86 /* PokemonsCell.swift in Sources */ = {isa = PBXBuildFile; fileRef = 30F0D488293130F500E75E86 /* PokemonsCell.swift */; };
		30F0D48B29313B1900E75E86 /* FindIDPokemon.swift in Sources */ = {isa = PBXBuildFile; fileRef = 30F0D48A29313B1900E75E86 /* FindIDPokemon.swift */; };
		30F0D48D29314B7100E75E86 /* PokemonScreen.storyboard in Resources */ = {isa = PBXBuildFile; fileRef = 30F0D48C29314B7100E75E86 /* PokemonScreen.storyboard */; };
		30F0D48F29314F3A00E75E86 /* PokemonViewController.swift in Sources */ = {isa = PBXBuildFile; fileRef = 30F0D48E29314F3A00E75E86 /* PokemonViewController.swift */; };
		8C101E5790A16247E995AC15 /* Pods_PokedexKanto.framework in Frameworks */ = {isa = PBXBuildFile; fileRef = 189883E9F6853F8F939FBDDC /* Pods_PokedexKanto.framework */; };
/* End PBXBuildFile section */

/* Begin PBXFileReference section */
		189883E9F6853F8F939FBDDC /* Pods_PokedexKanto.framework */ = {isa = PBXFileReference; explicitFileType = wrapper.framework; includeInIndex = 0; path = Pods_PokedexKanto.framework; sourceTree = BUILT_PRODUCTS_DIR; };
		307FBB72293517E100059709 /* ShowInfoProtocol.swift */ = {isa = PBXFileReference; lastKnownFileType = sourcecode.swift; path = ShowInfoProtocol.swift; sourceTree = "<group>"; };
		307FBB742935282D00059709 /* Stats.swift */ = {isa = PBXFileReference; lastKnownFileType = sourcecode.swift; path = Stats.swift; sourceTree = "<group>"; };
		307FBB7629352B4800059709 /* StatsInfoUrl.swift */ = {isa = PBXFileReference; lastKnownFileType = sourcecode.swift; path = StatsInfoUrl.swift; sourceTree = "<group>"; };
		307FBB7829352C0100059709 /* PokemonDetails.swift */ = {isa = PBXFileReference; lastKnownFileType = sourcecode.swift; path = PokemonDetails.swift; sourceTree = "<group>"; };
		30F0D46A293121B800E75E86 /* PokedexKanto.app */ = {isa = PBXFileReference; explicitFileType = wrapper.application; includeInIndex = 0; path = PokedexKanto.app; sourceTree = BUILT_PRODUCTS_DIR; };
		30F0D46D293121B800E75E86 /* AppDelegate.swift */ = {isa = PBXFileReference; lastKnownFileType = sourcecode.swift; path = AppDelegate.swift; sourceTree = "<group>"; };
		30F0D46F293121B800E75E86 /* SceneDelegate.swift */ = {isa = PBXFileReference; lastKnownFileType = sourcecode.swift; path = SceneDelegate.swift; sourceTree = "<group>"; };
		30F0D471293121B800E75E86 /* PokedexViewController.swift */ = {isa = PBXFileReference; lastKnownFileType = sourcecode.swift; path = PokedexViewController.swift; sourceTree = "<group>"; };
		30F0D474293121B800E75E86 /* Base */ = {isa = PBXFileReference; lastKnownFileType = file.storyboard; name = Base; path = Base.lproj/Main.storyboard; sourceTree = "<group>"; };
		30F0D476293121B900E75E86 /* Assets.xcassets */ = {isa = PBXFileReference; lastKnownFileType = folder.assetcatalog; path = Assets.xcassets; sourceTree = "<group>"; };
		30F0D479293121B900E75E86 /* Base */ = {isa = PBXFileReference; lastKnownFileType = file.storyboard; name = Base; path = Base.lproj/LaunchScreen.storyboard; sourceTree = "<group>"; };
		30F0D47B293121B900E75E86 /* Info.plist */ = {isa = PBXFileReference; lastKnownFileType = text.plist.xml; path = Info.plist; sourceTree = "<group>"; };
		30F0D4812931266700E75E86 /* Pokedex.swift */ = {isa = PBXFileReference; lastKnownFileType = sourcecode.swift; path = Pokedex.swift; sourceTree = "<group>"; };
		30F0D483293126D900E75E86 /* PokemonData.swift */ = {isa = PBXFileReference; lastKnownFileType = sourcecode.swift; path = PokemonData.swift; sourceTree = "<group>"; };
		30F0D488293130F500E75E86 /* PokemonsCell.swift */ = {isa = PBXFileReference; lastKnownFileType = sourcecode.swift; path = PokemonsCell.swift; sourceTree = "<group>"; };
		30F0D48A29313B1900E75E86 /* FindIDPokemon.swift */ = {isa = PBXFileReference; lastKnownFileType = sourcecode.swift; path = FindIDPokemon.swift; sourceTree = "<group>"; };
		30F0D48C29314B7100E75E86 /* PokemonScreen.storyboard */ = {isa = PBXFileReference; lastKnownFileType = file.storyboard; path = PokemonScreen.storyboard; sourceTree = "<group>"; };
		30F0D48E29314F3A00E75E86 /* PokemonViewController.swift */ = {isa = PBXFileReference; lastKnownFileType = sourcecode.swift; path = PokemonViewController.swift; sourceTree = "<group>"; };
		54B80E578AF52582AC84A820 /* Pods-PokedexKanto.release.xcconfig */ = {isa = PBXFileReference; includeInIndex = 1; lastKnownFileType = text.xcconfig; name = "Pods-PokedexKanto.release.xcconfig"; path = "Target Support Files/Pods-PokedexKanto/Pods-PokedexKanto.release.xcconfig"; sourceTree = "<group>"; };
		C91B984152384DA459961CA0 /* Pods-PokedexKanto.debug.xcconfig */ = {isa = PBXFileReference; includeInIndex = 1; lastKnownFileType = text.xcconfig; name = "Pods-PokedexKanto.debug.xcconfig"; path = "Target Support Files/Pods-PokedexKanto/Pods-PokedexKanto.debug.xcconfig"; sourceTree = "<group>"; };
/* End PBXFileReference section */

/* Begin PBXFrameworksBuildPhase section */
		30F0D467293121B800E75E86 /* Frameworks */ = {
			isa = PBXFrameworksBuildPhase;
			buildActionMask = 2147483647;
			files = (
				8C101E5790A16247E995AC15 /* Pods_PokedexKanto.framework in Frameworks */,
			);
			runOnlyForDeploymentPostprocessing = 0;
		};
/* End PBXFrameworksBuildPhase section */

/* Begin PBXGroup section */
		30F0D461293121B800E75E86 = {
			isa = PBXGroup;
			children = (
				30F0D46C293121B800E75E86 /* PokedexKanto */,
				30F0D46B293121B800E75E86 /* Products */,
				C07EC1ABC1E62D8061247FAD /* Pods */,
				6C8C9FDD6146D2C3147C0C3F /* Frameworks */,
			);
			sourceTree = "<group>";
		};
		30F0D46B293121B800E75E86 /* Products */ = {
			isa = PBXGroup;
			children = (
				30F0D46A293121B800E75E86 /* PokedexKanto.app */,
			);
			name = Products;
			sourceTree = "<group>";
		};
		30F0D46C293121B800E75E86 /* PokedexKanto */ = {
			isa = PBXGroup;
			children = (
				30F0D48729312B1500E75E86 /* View */,
				30F0D48629312AFC00E75E86 /* Controllers */,
				30F0D4852931281500E75E86 /* Models */,
				30F0D46D293121B800E75E86 /* AppDelegate.swift */,
				30F0D46F293121B800E75E86 /* SceneDelegate.swift */,
				30F0D476293121B900E75E86 /* Assets.xcassets */,
				30F0D478293121B900E75E86 /* LaunchScreen.storyboard */,
				30F0D47B293121B900E75E86 /* Info.plist */,
			);
			path = PokedexKanto;
			sourceTree = "<group>";
		};
		30F0D4852931281500E75E86 /* Models */ = {
			isa = PBXGroup;
			children = (
				30F0D4812931266700E75E86 /* Pokedex.swift */,
				30F0D483293126D900E75E86 /* PokemonData.swift */,
				307FBB7829352C0100059709 /* PokemonDetails.swift */,
				30F0D48A29313B1900E75E86 /* FindIDPokemon.swift */,
				307FBB72293517E100059709 /* ShowInfoProtocol.swift */,
				307FBB742935282D00059709 /* Stats.swift */,
				307FBB7629352B4800059709 /* StatsInfoUrl.swift */,
			);
			path = Models;
			sourceTree = "<group>";
		};
		30F0D48629312AFC00E75E86 /* Controllers */ = {
			isa = PBXGroup;
			children = (
				30F0D48E29314F3A00E75E86 /* PokemonViewController.swift */,
				30F0D471293121B800E75E86 /* PokedexViewController.swift */,
			);
			path = Controllers;
			sourceTree = "<group>";
		};
		30F0D48729312B1500E75E86 /* View */ = {
			isa = PBXGroup;
			children = (
				30F0D473293121B800E75E86 /* Main.storyboard */,
				30F0D488293130F500E75E86 /* PokemonsCell.swift */,
				30F0D48C29314B7100E75E86 /* PokemonScreen.storyboard */,
			);
			path = View;
			sourceTree = "<group>";
		};
		6C8C9FDD6146D2C3147C0C3F /* Frameworks */ = {
			isa = PBXGroup;
			children = (
				189883E9F6853F8F939FBDDC /* Pods_PokedexKanto.framework */,
			);
			name = Frameworks;
			sourceTree = "<group>";
		};
		C07EC1ABC1E62D8061247FAD /* Pods */ = {
			isa = PBXGroup;
			children = (
				C91B984152384DA459961CA0 /* Pods-PokedexKanto.debug.xcconfig */,
				54B80E578AF52582AC84A820 /* Pods-PokedexKanto.release.xcconfig */,
			);
			name = Pods;
			path = Pods;
			sourceTree = "<group>";
		};
/* End PBXGroup section */

/* Begin PBXNativeTarget section */
		30F0D469293121B800E75E86 /* PokedexKanto */ = {
			isa = PBXNativeTarget;
			buildConfigurationList = 30F0D47E293121B900E75E86 /* Build configuration list for PBXNativeTarget "PokedexKanto" */;
			buildPhases = (
				22D85E19D7B0FB8A56707BEF /* [CP] Check Pods Manifest.lock */,
				30F0D466293121B800E75E86 /* Sources */,
				30F0D467293121B800E75E86 /* Frameworks */,
				30F0D468293121B800E75E86 /* Resources */,
				D6F016A459ED93D70273007E /* [CP] Embed Pods Frameworks */,
			);
			buildRules = (
			);
			dependencies = (
			);
			name = PokedexKanto;
			productName = PokedexKanto;
			productReference = 30F0D46A293121B800E75E86 /* PokedexKanto.app */;
			productType = "com.apple.product-type.application";
		};
/* End PBXNativeTarget section */

/* Begin PBXProject section */
		30F0D462293121B800E75E86 /* Project object */ = {
			isa = PBXProject;
			attributes = {
				BuildIndependentTargetsInParallel = 1;
				LastSwiftUpdateCheck = 1400;
				LastUpgradeCheck = 1400;
				TargetAttributes = {
					30F0D469293121B800E75E86 = {
						CreatedOnToolsVersion = 14.0.1;
					};
				};
			};
			buildConfigurationList = 30F0D465293121B800E75E86 /* Build configuration list for PBXProject "PokedexKanto" */;
			compatibilityVersion = "Xcode 14.0";
			developmentRegion = en;
			hasScannedForEncodings = 0;
			knownRegions = (
				en,
				Base,
			);
			mainGroup = 30F0D461293121B800E75E86;
			productRefGroup = 30F0D46B293121B800E75E86 /* Products */;
			projectDirPath = "";
			projectRoot = "";
			targets = (
				30F0D469293121B800E75E86 /* PokedexKanto */,
			);
		};
/* End PBXProject section */

/* Begin PBXResourcesBuildPhase section */
		30F0D468293121B800E75E86 /* Resources */ = {
			isa = PBXResourcesBuildPhase;
			buildActionMask = 2147483647;
			files = (
				30F0D48D29314B7100E75E86 /* PokemonScreen.storyboard in Resources */,
				30F0D47A293121B900E75E86 /* LaunchScreen.storyboard in Resources */,
				30F0D475293121B800E75E86 /* Main.storyboard in Resources */,
				307FBB8029354B5500059709 /* Assets.xcassets in Resources */,
			);
			runOnlyForDeploymentPostprocessing = 0;
		};
/* End PBXResourcesBuildPhase section */

/* Begin PBXShellScriptBuildPhase section */
		22D85E19D7B0FB8A56707BEF /* [CP] Check Pods Manifest.lock */ = {
			isa = PBXShellScriptBuildPhase;
			buildActionMask = 2147483647;
			files = (
			);
			inputFileListPaths = (
			);
			inputPaths = (
				"${PODS_PODFILE_DIR_PATH}/Podfile.lock",
				"${PODS_ROOT}/Manifest.lock",
			);
			name = "[CP] Check Pods Manifest.lock";
			outputFileListPaths = (
			);
			outputPaths = (
				"$(DERIVED_FILE_DIR)/Pods-PokedexKanto-checkManifestLockResult.txt",
			);
			runOnlyForDeploymentPostprocessing = 0;
			shellPath = /bin/sh;
			shellScript = "diff \"${PODS_PODFILE_DIR_PATH}/Podfile.lock\" \"${PODS_ROOT}/Manifest.lock\" > /dev/null\nif [ $? != 0 ] ; then\n    # print error to STDERR\n    echo \"error: The sandbox is not in sync with the Podfile.lock. Run 'pod install' or update your CocoaPods installation.\" >&2\n    exit 1\nfi\n# This output is used by Xcode 'outputs' to avoid re-running this script phase.\necho \"SUCCESS\" > \"${SCRIPT_OUTPUT_FILE_0}\"\n";
			showEnvVarsInLog = 0;
		};
		D6F016A459ED93D70273007E /* [CP] Embed Pods Frameworks */ = {
			isa = PBXShellScriptBuildPhase;
			buildActionMask = 2147483647;
			files = (
			);
			inputFileListPaths = (
				"${PODS_ROOT}/Target Support Files/Pods-PokedexKanto/Pods-PokedexKanto-frameworks-${CONFIGURATION}-input-files.xcfilelist",
			);
			name = "[CP] Embed Pods Frameworks";
			outputFileListPaths = (
				"${PODS_ROOT}/Target Support Files/Pods-PokedexKanto/Pods-PokedexKanto-frameworks-${CONFIGURATION}-output-files.xcfilelist",
			);
			runOnlyForDeploymentPostprocessing = 0;
			shellPath = /bin/sh;
			shellScript = "\"${PODS_ROOT}/Target Support Files/Pods-PokedexKanto/Pods-PokedexKanto-frameworks.sh\"\n";
			showEnvVarsInLog = 0;
		};
/* End PBXShellScriptBuildPhase section */

/* Begin PBXSourcesBuildPhase section */
		30F0D466293121B800E75E86 /* Sources */ = {
			isa = PBXSourcesBuildPhase;
			buildActionMask = 2147483647;
			files = (
				30F0D4822931266700E75E86 /* Pokedex.swift in Sources */,
				307FBB752935282D00059709 /* Stats.swift in Sources */,
				307FBB7929352C0100059709 /* PokemonDetails.swift in Sources */,
				307FBB73293517E100059709 /* ShowInfoProtocol.swift in Sources */,
				30F0D472293121B800E75E86 /* PokedexViewController.swift in Sources */,
				30F0D46E293121B800E75E86 /* AppDelegate.swift in Sources */,
				307FBB7729352B4800059709 /* StatsInfoUrl.swift in Sources */,
				30F0D470293121B800E75E86 /* SceneDelegate.swift in Sources */,
				30F0D484293126D900E75E86 /* PokemonData.swift in Sources */,
				30F0D489293130F500E75E86 /* PokemonsCell.swift in Sources */,
				30F0D48F29314F3A00E75E86 /* PokemonViewController.swift in Sources */,
				30F0D48B29313B1900E75E86 /* FindIDPokemon.swift in Sources */,
			);
			runOnlyForDeploymentPostprocessing = 0;
		};
/* End PBXSourcesBuildPhase section */

/* Begin PBXVariantGroup section */
		30F0D473293121B800E75E86 /* Main.storyboard */ = {
			isa = PBXVariantGroup;
			children = (
				30F0D474293121B800E75E86 /* Base */,
			);
			name = Main.storyboard;
			sourceTree = "<group>";
		};
		30F0D478293121B900E75E86 /* LaunchScreen.storyboard */ = {
			isa = PBXVariantGroup;
			children = (
				30F0D479293121B900E75E86 /* Base */,
			);
			name = LaunchScreen.storyboard;
			sourceTree = "<group>";
		};
/* End PBXVariantGroup section */

/* Begin XCBuildConfiguration section */
		30F0D47C293121B900E75E86 /* Debug */ = {
			isa = XCBuildConfiguration;
			buildSettings = {
				ALWAYS_SEARCH_USER_PATHS = NO;
				CLANG_ANALYZER_NONNULL = YES;
				CLANG_ANALYZER_NUMBER_OBJECT_CONVERSION = YES_AGGRESSIVE;
				CLANG_CXX_LANGUAGE_STANDARD = "gnu++20";
				CLANG_ENABLE_MODULES = YES;
				CLANG_ENABLE_OBJC_ARC = YES;
				CLANG_ENABLE_OBJC_WEAK = YES;
				CLANG_WARN_BLOCK_CAPTURE_AUTORELEASING = YES;
				CLANG_WARN_BOOL_CONVERSION = YES;
				CLANG_WARN_COMMA = YES;
				CLANG_WARN_CONSTANT_CONVERSION = YES;
				CLANG_WARN_DEPRECATED_OBJC_IMPLEMENTATIONS = YES;
				CLANG_WARN_DIRECT_OBJC_ISA_USAGE = YES_ERROR;
				CLANG_WARN_DOCUMENTATION_COMMENTS = YES;
				CLANG_WARN_EMPTY_BODY = YES;
				CLANG_WARN_ENUM_CONVERSION = YES;
				CLANG_WARN_INFINITE_RECURSION = YES;
				CLANG_WARN_INT_CONVERSION = YES;
				CLANG_WARN_NON_LITERAL_NULL_CONVERSION = YES;
				CLANG_WARN_OBJC_IMPLICIT_RETAIN_SELF = YES;
				CLANG_WARN_OBJC_LITERAL_CONVERSION = YES;
				CLANG_WARN_OBJC_ROOT_CLASS = YES_ERROR;
				CLANG_WARN_QUOTED_INCLUDE_IN_FRAMEWORK_HEADER = YES;
				CLANG_WARN_RANGE_LOOP_ANALYSIS = YES;
				CLANG_WARN_STRICT_PROTOTYPES = YES;
				CLANG_WARN_SUSPICIOUS_MOVE = YES;
				CLANG_WARN_UNGUARDED_AVAILABILITY = YES_AGGRESSIVE;
				CLANG_WARN_UNREACHABLE_CODE = YES;
				CLANG_WARN__DUPLICATE_METHOD_MATCH = YES;
				COPY_PHASE_STRIP = NO;
				DEBUG_INFORMATION_FORMAT = dwarf;
				ENABLE_STRICT_OBJC_MSGSEND = YES;
				ENABLE_TESTABILITY = YES;
				GCC_C_LANGUAGE_STANDARD = gnu11;
				GCC_DYNAMIC_NO_PIC = NO;
				GCC_NO_COMMON_BLOCKS = YES;
				GCC_OPTIMIZATION_LEVEL = 0;
				GCC_PREPROCESSOR_DEFINITIONS = (
					"DEBUG=1",
					"$(inherited)",
				);
				GCC_WARN_64_TO_32_BIT_CONVERSION = YES;
				GCC_WARN_ABOUT_RETURN_TYPE = YES_ERROR;
				GCC_WARN_UNDECLARED_SELECTOR = YES;
				GCC_WARN_UNINITIALIZED_AUTOS = YES_AGGRESSIVE;
				GCC_WARN_UNUSED_FUNCTION = YES;
				GCC_WARN_UNUSED_VARIABLE = YES;
				IPHONEOS_DEPLOYMENT_TARGET = 16.0;
				MTL_ENABLE_DEBUG_INFO = INCLUDE_SOURCE;
				MTL_FAST_MATH = YES;
				ONLY_ACTIVE_ARCH = YES;
				SDKROOT = iphoneos;
				SWIFT_ACTIVE_COMPILATION_CONDITIONS = DEBUG;
				SWIFT_OPTIMIZATION_LEVEL = "-Onone";
			};
			name = Debug;
		};
		30F0D47D293121B900E75E86 /* Release */ = {
			isa = XCBuildConfiguration;
			buildSettings = {
				ALWAYS_SEARCH_USER_PATHS = NO;
				CLANG_ANALYZER_NONNULL = YES;
				CLANG_ANALYZER_NUMBER_OBJECT_CONVERSION = YES_AGGRESSIVE;
				CLANG_CXX_LANGUAGE_STANDARD = "gnu++20";
				CLANG_ENABLE_MODULES = YES;
				CLANG_ENABLE_OBJC_ARC = YES;
				CLANG_ENABLE_OBJC_WEAK = YES;
				CLANG_WARN_BLOCK_CAPTURE_AUTORELEASING = YES;
				CLANG_WARN_BOOL_CONVERSION = YES;
				CLANG_WARN_COMMA = YES;
				CLANG_WARN_CONSTANT_CONVERSION = YES;
				CLANG_WARN_DEPRECATED_OBJC_IMPLEMENTATIONS = YES;
				CLANG_WARN_DIRECT_OBJC_ISA_USAGE = YES_ERROR;
				CLANG_WARN_DOCUMENTATION_COMMENTS = YES;
				CLANG_WARN_EMPTY_BODY = YES;
				CLANG_WARN_ENUM_CONVERSION = YES;
				CLANG_WARN_INFINITE_RECURSION = YES;
				CLANG_WARN_INT_CONVERSION = YES;
				CLANG_WARN_NON_LITERAL_NULL_CONVERSION = YES;
				CLANG_WARN_OBJC_IMPLICIT_RETAIN_SELF = YES;
				CLANG_WARN_OBJC_LITERAL_CONVERSION = YES;
				CLANG_WARN_OBJC_ROOT_CLASS = YES_ERROR;
				CLANG_WARN_QUOTED_INCLUDE_IN_FRAMEWORK_HEADER = YES;
				CLANG_WARN_RANGE_LOOP_ANALYSIS = YES;
				CLANG_WARN_STRICT_PROTOTYPES = YES;
				CLANG_WARN_SUSPICIOUS_MOVE = YES;
				CLANG_WARN_UNGUARDED_AVAILABILITY = YES_AGGRESSIVE;
				CLANG_WARN_UNREACHABLE_CODE = YES;
				CLANG_WARN__DUPLICATE_METHOD_MATCH = YES;
				COPY_PHASE_STRIP = NO;
				DEBUG_INFORMATION_FORMAT = "dwarf-with-dsym";
				ENABLE_NS_ASSERTIONS = NO;
				ENABLE_STRICT_OBJC_MSGSEND = YES;
				GCC_C_LANGUAGE_STANDARD = gnu11;
				GCC_NO_COMMON_BLOCKS = YES;
				GCC_WARN_64_TO_32_BIT_CONVERSION = YES;
				GCC_WARN_ABOUT_RETURN_TYPE = YES_ERROR;
				GCC_WARN_UNDECLARED_SELECTOR = YES;
				GCC_WARN_UNINITIALIZED_AUTOS = YES_AGGRESSIVE;
				GCC_WARN_UNUSED_FUNCTION = YES;
				GCC_WARN_UNUSED_VARIABLE = YES;
				IPHONEOS_DEPLOYMENT_TARGET = 16.0;
				MTL_ENABLE_DEBUG_INFO = NO;
				MTL_FAST_MATH = YES;
				SDKROOT = iphoneos;
				SWIFT_COMPILATION_MODE = wholemodule;
				SWIFT_OPTIMIZATION_LEVEL = "-O";
				VALIDATE_PRODUCT = YES;
			};
			name = Release;
		};
		30F0D47F293121B900E75E86 /* Debug */ = {
			isa = XCBuildConfiguration;
			baseConfigurationReference = C91B984152384DA459961CA0 /* Pods-PokedexKanto.debug.xcconfig */;
			buildSettings = {
				ASSETCATALOG_COMPILER_APPICON_NAME = AppIcon;
				ASSETCATALOG_COMPILER_GLOBAL_ACCENT_COLOR_NAME = AccentColor;
				CODE_SIGN_STYLE = Automatic;
				CURRENT_PROJECT_VERSION = 1;
				GENERATE_INFOPLIST_FILE = YES;
				INFOPLIST_FILE = PokedexKanto/Info.plist;
				INFOPLIST_KEY_UIApplicationSupportsIndirectInputEvents = YES;
				INFOPLIST_KEY_UILaunchStoryboardName = LaunchScreen;
				INFOPLIST_KEY_UIMainStoryboardFile = Main;
				INFOPLIST_KEY_UISupportedInterfaceOrientations_iPad = "UIInterfaceOrientationPortrait UIInterfaceOrientationPortraitUpsideDown UIInterfaceOrientationLandscapeLeft UIInterfaceOrientationLandscapeRight";
				INFOPLIST_KEY_UISupportedInterfaceOrientations_iPhone = "UIInterfaceOrientationPortrait UIInterfaceOrientationLandscapeLeft UIInterfaceOrientationLandscapeRight";
				LD_RUNPATH_SEARCH_PATHS = (
					"$(inherited)",
					"@executable_path/Frameworks",
				);
				MARKETING_VERSION = 1.0;
				PRODUCT_BUNDLE_IDENTIFIER = medeiros.raul.PokedexKanto;
				PRODUCT_NAME = "$(TARGET_NAME)";
				SWIFT_EMIT_LOC_STRINGS = YES;
				SWIFT_VERSION = 5.0;
				TARGETED_DEVICE_FAMILY = "1,2";
			};
			name = Debug;
		};
		30F0D480293121B900E75E86 /* Release */ = {
			isa = XCBuildConfiguration;
			baseConfigurationReference = 54B80E578AF52582AC84A820 /* Pods-PokedexKanto.release.xcconfig */;
			buildSettings = {
				ASSETCATALOG_COMPILER_APPICON_NAME = AppIcon;
				ASSETCATALOG_COMPILER_GLOBAL_ACCENT_COLOR_NAME = AccentColor;
				CODE_SIGN_STYLE = Automatic;
				CURRENT_PROJECT_VERSION = 1;
				GENERATE_INFOPLIST_FILE = YES;
				INFOPLIST_FILE = PokedexKanto/Info.plist;
				INFOPLIST_KEY_UIApplicationSupportsIndirectInputEvents = YES;
				INFOPLIST_KEY_UILaunchStoryboardName = LaunchScreen;
				INFOPLIST_KEY_UIMainStoryboardFile = Main;
				INFOPLIST_KEY_UISupportedInterfaceOrientations_iPad = "UIInterfaceOrientationPortrait UIInterfaceOrientationPortraitUpsideDown UIInterfaceOrientationLandscapeLeft UIInterfaceOrientationLandscapeRight";
				INFOPLIST_KEY_UISupportedInterfaceOrientations_iPhone = "UIInterfaceOrientationPortrait UIInterfaceOrientationLandscapeLeft UIInterfaceOrientationLandscapeRight";
				LD_RUNPATH_SEARCH_PATHS = (
					"$(inherited)",
					"@executable_path/Frameworks",
				);
				MARKETING_VERSION = 1.0;
				PRODUCT_BUNDLE_IDENTIFIER = medeiros.raul.PokedexKanto;
				PRODUCT_NAME = "$(TARGET_NAME)";
				SWIFT_EMIT_LOC_STRINGS = YES;
				SWIFT_VERSION = 5.0;
				TARGETED_DEVICE_FAMILY = "1,2";
			};
			name = Release;
		};
/* End XCBuildConfiguration section */

/* Begin XCConfigurationList section */
		30F0D465293121B800E75E86 /* Build configuration list for PBXProject "PokedexKanto" */ = {
			isa = XCConfigurationList;
			buildConfigurations = (
				30F0D47C293121B900E75E86 /* Debug */,
				30F0D47D293121B900E75E86 /* Release */,
			);
			defaultConfigurationIsVisible = 0;
			defaultConfigurationName = Release;
		};
		30F0D47E293121B900E75E86 /* Build configuration list for PBXNativeTarget "PokedexKanto" */ = {
			isa = XCConfigurationList;
			buildConfigurations = (
				30F0D47F293121B900E75E86 /* Debug */,
				30F0D480293121B900E75E86 /* Release */,
			);
			defaultConfigurationIsVisible = 0;
			defaultConfigurationName = Release;
		};
/* End XCConfigurationList section */
	};
	rootObject = 30F0D462293121B800E75E86 /* Project object */;
}
